
Microsoft Visual Studio Solution File, Format Version 12.00
# Visual Studio Version 17
VisualStudioVersion = 17.4.33205.214
MinimumVisualStudioVersion = 10.0.40219.1
Project("{FAE04EC0-301F-11D3-BF4B-00C04F79EFBC}") = "RESTAPITest", "RESTAPITest\RESTAPITest.csproj", "{6DDEE4AC-1038-49BC-A348-786EDFC8CB8A}"
EndProject
Global
	GlobalSection(SolutionConfigurationPlatforms) = preSolution
		Debug|Any CPU = Debug|Any CPU
		Release|Any CPU = Release|Any CPU
	EndGlobalSection
	GlobalSection(ProjectConfigurationPlatforms) = postSolution
		{6DDEE4AC-1038-49BC-A348-786EDFC8CB8A}.Debug|Any CPU.ActiveCfg = Debug|Any CPU
		{6DDEE4AC-1038-49BC-A348-786EDFC8CB8A}.Debug|Any CPU.Build.0 = Debug|Any CPU
		{6DDEE4AC-1038-49BC-A348-786EDFC8CB8A}.Release|Any CPU.ActiveCfg = Release|Any CPU
		{6DDEE4AC-1038-49BC-A348-786EDFC8CB8A}.Release|Any CPU.Build.0 = Release|Any CPU
	EndGlobalSection
	GlobalSection(SolutionProperties) = preSolution
		HideSolutionNode = FALSE
	EndGlobalSection
	GlobalSection(ExtensibilityGlobals) = postSolution
		SolutionGuid = {CFCA5190-BC62-4476-A9FD-70500D2C6E01}
	EndGlobalSection
EndGlobal
